
Microsoft Visual Studio Solution File, Format Version 12.00
# Visual Studio Version 16
VisualStudioVersion = 16.0.29025.244
MinimumVisualStudioVersion = 10.0.40219.1
Project("{FAE04EC0-301F-11D3-BF4B-00C04F79EFBC}") = "TobiiParser", "TobiiParser\TobiiParser.csproj", "{5DC25178-E78D-46C5-840F-4C25592AAF40}"
EndProject
Project("{2150E333-8FDC-42A3-9474-1A3956D46DE8}") = "Solution Items", "Solution Items", "{401C685B-75EE-4D3B-A1BD-AF484001E01C}"
	ProjectSection(SolutionItems) = preProject
		TextFile1.txt = TextFile1.txt
	EndProjectSection
EndProject
Global
	GlobalSection(SolutionConfigurationPlatforms) = preSolution
		Debug|Any CPU = Debug|Any CPU
		Debug|x64 = Debug|x64
		Debug|x86 = Debug|x86
		Release|Any CPU = Release|Any CPU
		Release|x64 = Release|x64
		Release|x86 = Release|x86
	EndGlobalSection
	GlobalSection(ProjectConfigurationPlatforms) = postSolution
		{5DC25178-E78D-46C5-840F-4C25592AAF40}.Debug|Any CPU.ActiveCfg = Debug|Any CPU
		{5DC25178-E78D-46C5-840F-4C25592AAF40}.Debug|Any CPU.Build.0 = Debug|Any CPU
		{5DC25178-E78D-46C5-840F-4C25592AAF40}.Debug|x64.ActiveCfg = Debug|x64
		{5DC25178-E78D-46C5-840F-4C25592AAF40}.Debug|x64.Build.0 = Debug|x64
		{5DC25178-E78D-46C5-840F-4C25592AAF40}.Debug|x86.ActiveCfg = Debug|x86
		{5DC25178-E78D-46C5-840F-4C25592AAF40}.Debug|x86.Build.0 = Debug|x86
		{5DC25178-E78D-46C5-840F-4C25592AAF40}.Release|Any CPU.ActiveCfg = Release|Any CPU
		{5DC25178-E78D-46C5-840F-4C25592AAF40}.Release|Any CPU.Build.0 = Release|Any CPU
		{5DC25178-E78D-46C5-840F-4C25592AAF40}.Release|x64.ActiveCfg = Release|x64
		{5DC25178-E78D-46C5-840F-4C25592AAF40}.Release|x64.Build.0 = Release|x64
		{5DC25178-E78D-46C5-840F-4C25592AAF40}.Release|x86.ActiveCfg = Release|x86
		{5DC25178-E78D-46C5-840F-4C25592AAF40}.Release|x86.Build.0 = Release|x86
	EndGlobalSection
	GlobalSection(SolutionProperties) = preSolution
		HideSolutionNode = FALSE
	EndGlobalSection
	GlobalSection(ExtensibilityGlobals) = postSolution
		SolutionGuid = {6CDC2716-D5F6-47C7-B7EA-6228C7FB305E}
	EndGlobalSection
EndGlobal
